{
  "name": "news-home",
  "version": "1.0.0",
  "lockfileVersion": 1,
  "requires": true,
  "dependencies": {
    "sdc-project-base-static": {
      "version": "14.9.0",
      "resolved": "https://sky.jfrog.io/sky/api/npm/npm/sdc-project-base-static/-/sdc-project-base-static-14.9.0.tgz",
      "integrity": "sha512-vTJkM2jddbiuQ16+H4uOXbQyy/9jM9W6Kk8V4n5JyRJAdFOXb2+hdAdDvjIp4ohMfaVwenDwr/XW1SgH4oPkcw==",
      "dev": true
    }
  }
}
